// !$*UTF8*$!
{
	archiveVersion = 1;
	classes = {
	};
	objectVersion = 50;
	objects = {

/* Begin PBXBuildFile section */
		02A0803C3F12C3AF294C5606 /* Pods_Mirage_Companion_AppTests.framework in Frameworks */ = {isa = PBXBuildFile; fileRef = 8A0CAE92228063717ED1AE92 /* Pods_Mirage_Companion_AppTests.framework */; };
		1871CDD3309F7C4D4094AEEA /* Pods_Mirage_Companion_AppUITests.framework in Frameworks */ = {isa = PBXBuildFile; fileRef = B9E1C0D819F36B311A604A29 /* Pods_Mirage_Companion_AppUITests.framework */; };
		8E62911A215ED2CA00B68779 /* ActivityViewController.swift in Sources */ = {isa = PBXBuildFile; fileRef = 8E629119215ED2CA00B68779 /* ActivityViewController.swift */; };
		8E629120215ED5E200B68779 /* Constants.swift in Sources */ = {isa = PBXBuildFile; fileRef = 8E62911F215ED5E200B68779 /* Constants.swift */; };
		8E7AD540216D26250024B698 /* User.swift in Sources */ = {isa = PBXBuildFile; fileRef = 8E7AD53F216D26250024B698 /* User.swift */; };
		8E7AD542216D31C80024B698 /* FreqDestTableViewCell.swift in Sources */ = {isa = PBXBuildFile; fileRef = 8E7AD541216D31C80024B698 /* FreqDestTableViewCell.swift */; };
		8E7AD544216D469E0024B698 /* Helper.swift in Sources */ = {isa = PBXBuildFile; fileRef = 8E7AD543216D469E0024B698 /* Helper.swift */; };
		8EB724812156C1C8007AC3AE /* AppDelegate.swift in Sources */ = {isa = PBXBuildFile; fileRef = 8EB724802156C1C8007AC3AE /* AppDelegate.swift */; };
		8EB724862156C1C8007AC3AE /* Main.storyboard in Resources */ = {isa = PBXBuildFile; fileRef = 8EB724842156C1C8007AC3AE /* Main.storyboard */; };
		8EB724892156C1C8007AC3AE /* Mirage_Companion_App.xcdatamodeld in Sources */ = {isa = PBXBuildFile; fileRef = 8EB724872156C1C8007AC3AE /* Mirage_Companion_App.xcdatamodeld */; };
		8EB7248B2156C1CA007AC3AE /* Assets.xcassets in Resources */ = {isa = PBXBuildFile; fileRef = 8EB7248A2156C1CA007AC3AE /* Assets.xcassets */; };
		8EB7248E2156C1CA007AC3AE /* LaunchScreen.storyboard in Resources */ = {isa = PBXBuildFile; fileRef = 8EB7248C2156C1CA007AC3AE /* LaunchScreen.storyboard */; };
		8EB724992156C1CA007AC3AE /* Mirage_Companion_AppTests.swift in Sources */ = {isa = PBXBuildFile; fileRef = 8EB724982156C1CA007AC3AE /* Mirage_Companion_AppTests.swift */; };
		8EB724A42156C1CA007AC3AE /* Mirage_Companion_AppUITests.swift in Sources */ = {isa = PBXBuildFile; fileRef = 8EB724A32156C1CA007AC3AE /* Mirage_Companion_AppUITests.swift */; };
		8EB724B42156C41D007AC3AE /* ExternalAccessory.framework in Frameworks */ = {isa = PBXBuildFile; fileRef = 8EB724B32156C41D007AC3AE /* ExternalAccessory.framework */; };
		8ED34FB8215FD96A00644006 /* WiFiSetupViewController.swift in Sources */ = {isa = PBXBuildFile; fileRef = 8ED34FB7215FD96A00644006 /* WiFiSetupViewController.swift */; };
		8ED34FCF216131C300644006 /* MirageUser.swift in Sources */ = {isa = PBXBuildFile; fileRef = 8ED34FCE216131C300644006 /* MirageUser.swift */; };
		8ED34FD12161611200644006 /* WelcomeScreenViewController.swift in Sources */ = {isa = PBXBuildFile; fileRef = 8ED34FD02161611200644006 /* WelcomeScreenViewController.swift */; };
		8ED34FD32162DFEE00644006 /* SetupProfileViewController.swift in Sources */ = {isa = PBXBuildFile; fileRef = 8ED34FD22162DFEE00644006 /* SetupProfileViewController.swift */; };
		8ED34FD52162DFF700644006 /* EditProfileViewController.swift in Sources */ = {isa = PBXBuildFile; fileRef = 8ED34FD42162DFF700644006 /* EditProfileViewController.swift */; };
		8ED34FD92169148900644006 /* UnderlinedTextField.swift in Sources */ = {isa = PBXBuildFile; fileRef = 8ED34FD82169148900644006 /* UnderlinedTextField.swift */; };
		8ED34FDB2169327E00644006 /* SelectUserViewController.swift in Sources */ = {isa = PBXBuildFile; fileRef = 8ED34FDA2169327E00644006 /* SelectUserViewController.swift */; };
		8ED34FDD2169372800644006 /* UserProfileTableViewCell.swift in Sources */ = {isa = PBXBuildFile; fileRef = 8ED34FDC2169372800644006 /* UserProfileTableViewCell.swift */; };
		8ED8A6F5216A767B0024DAC3 /* AddDestinationTableViewCell.swift in Sources */ = {isa = PBXBuildFile; fileRef = 8ED8A6F4216A767B0024DAC3 /* AddDestinationTableViewCell.swift */; };
		8ED8A6F7216A76880024DAC3 /* DestinationTableViewCell.swift in Sources */ = {isa = PBXBuildFile; fileRef = 8ED8A6F6216A76880024DAC3 /* DestinationTableViewCell.swift */; };
		8ED8A6FB216A77BD0024DAC3 /* FreqDestViewController.swift in Sources */ = {isa = PBXBuildFile; fileRef = 8ED8A6FA216A77BD0024DAC3 /* FreqDestViewController.swift */; };
		8ED8A6FD216A7A1E0024DAC3 /* Destination.swift in Sources */ = {isa = PBXBuildFile; fileRef = 8ED8A6FC216A7A1E0024DAC3 /* Destination.swift */; };
		8ED8A6FF216A819A0024DAC3 /* DestinationEditorViewController.swift in Sources */ = {isa = PBXBuildFile; fileRef = 8ED8A6FE216A819A0024DAC3 /* DestinationEditorViewController.swift */; };
		E60CE1D4E0F5CE7745110DDE /* Pods_Mirage_Companion_App.framework in Frameworks */ = {isa = PBXBuildFile; fileRef = 5B81526A58C1A57B84E603F7 /* Pods_Mirage_Companion_App.framework */; };
/* End PBXBuildFile section */

/* Begin PBXContainerItemProxy section */
		8EB724952156C1CA007AC3AE /* PBXContainerItemProxy */ = {
			isa = PBXContainerItemProxy;
			containerPortal = 8EB724752156C1C8007AC3AE /* Project object */;
			proxyType = 1;
			remoteGlobalIDString = 8EB7247C2156C1C8007AC3AE;
			remoteInfo = "Mirage Companion App";
		};
		8EB724A02156C1CA007AC3AE /* PBXContainerItemProxy */ = {
			isa = PBXContainerItemProxy;
			containerPortal = 8EB724752156C1C8007AC3AE /* Project object */;
			proxyType = 1;
			remoteGlobalIDString = 8EB7247C2156C1C8007AC3AE;
			remoteInfo = "Mirage Companion App";
		};
/* End PBXContainerItemProxy section */

/* Begin PBXFileReference section */
		054339910223F100A949AD7F /* Pods-Mirage Companion App.debug.xcconfig */ = {isa = PBXFileReference; includeInIndex = 1; lastKnownFileType = text.xcconfig; name = "Pods-Mirage Companion App.debug.xcconfig"; path = "Pods/Target Support Files/Pods-Mirage Companion App/Pods-Mirage Companion App.debug.xcconfig"; sourceTree = "<group>"; };
		5B81526A58C1A57B84E603F7 /* Pods_Mirage_Companion_App.framework */ = {isa = PBXFileReference; explicitFileType = wrapper.framework; includeInIndex = 0; path = Pods_Mirage_Companion_App.framework; sourceTree = BUILT_PRODUCTS_DIR; };
		775954DEBB2F2EC658B632F4 /* Pods-Mirage Companion AppUITests.debug.xcconfig */ = {isa = PBXFileReference; includeInIndex = 1; lastKnownFileType = text.xcconfig; name = "Pods-Mirage Companion AppUITests.debug.xcconfig"; path = "Pods/Target Support Files/Pods-Mirage Companion AppUITests/Pods-Mirage Companion AppUITests.debug.xcconfig"; sourceTree = "<group>"; };
		8A0CAE92228063717ED1AE92 /* Pods_Mirage_Companion_AppTests.framework */ = {isa = PBXFileReference; explicitFileType = wrapper.framework; includeInIndex = 0; path = Pods_Mirage_Companion_AppTests.framework; sourceTree = BUILT_PRODUCTS_DIR; };
		8E629119215ED2CA00B68779 /* ActivityViewController.swift */ = {isa = PBXFileReference; lastKnownFileType = sourcecode.swift; path = ActivityViewController.swift; sourceTree = "<group>"; };
		8E62911F215ED5E200B68779 /* Constants.swift */ = {isa = PBXFileReference; lastKnownFileType = sourcecode.swift; path = Constants.swift; sourceTree = "<group>"; };
		8E7AD53F216D26250024B698 /* User.swift */ = {isa = PBXFileReference; lastKnownFileType = sourcecode.swift; path = User.swift; sourceTree = "<group>"; };
		8E7AD541216D31C80024B698 /* FreqDestTableViewCell.swift */ = {isa = PBXFileReference; lastKnownFileType = sourcecode.swift; path = FreqDestTableViewCell.swift; sourceTree = "<group>"; };
		8E7AD543216D469E0024B698 /* Helper.swift */ = {isa = PBXFileReference; lastKnownFileType = sourcecode.swift; path = Helper.swift; sourceTree = "<group>"; };
		8EB7247D2156C1C8007AC3AE /* Mirage Companion App.app */ = {isa = PBXFileReference; explicitFileType = wrapper.application; includeInIndex = 0; path = "Mirage Companion App.app"; sourceTree = BUILT_PRODUCTS_DIR; };
		8EB724802156C1C8007AC3AE /* AppDelegate.swift */ = {isa = PBXFileReference; lastKnownFileType = sourcecode.swift; path = AppDelegate.swift; sourceTree = "<group>"; };
		8EB724852156C1C8007AC3AE /* Base */ = {isa = PBXFileReference; lastKnownFileType = file.storyboard; name = Base; path = Base.lproj/Main.storyboard; sourceTree = "<group>"; };
		8EB724882156C1C8007AC3AE /* Mirage_Companion_App.xcdatamodel */ = {isa = PBXFileReference; lastKnownFileType = wrapper.xcdatamodel; path = Mirage_Companion_App.xcdatamodel; sourceTree = "<group>"; };
		8EB7248A2156C1CA007AC3AE /* Assets.xcassets */ = {isa = PBXFileReference; lastKnownFileType = folder.assetcatalog; path = Assets.xcassets; sourceTree = "<group>"; };
		8EB7248D2156C1CA007AC3AE /* Base */ = {isa = PBXFileReference; lastKnownFileType = file.storyboard; name = Base; path = Base.lproj/LaunchScreen.storyboard; sourceTree = "<group>"; };
		8EB7248F2156C1CA007AC3AE /* Info.plist */ = {isa = PBXFileReference; lastKnownFileType = text.plist.xml; path = Info.plist; sourceTree = "<group>"; };
		8EB724942156C1CA007AC3AE /* Mirage Companion AppTests.xctest */ = {isa = PBXFileReference; explicitFileType = wrapper.cfbundle; includeInIndex = 0; path = "Mirage Companion AppTests.xctest"; sourceTree = BUILT_PRODUCTS_DIR; };
		8EB724982156C1CA007AC3AE /* Mirage_Companion_AppTests.swift */ = {isa = PBXFileReference; lastKnownFileType = sourcecode.swift; path = Mirage_Companion_AppTests.swift; sourceTree = "<group>"; };
		8EB7249A2156C1CA007AC3AE /* Info.plist */ = {isa = PBXFileReference; lastKnownFileType = text.plist.xml; path = Info.plist; sourceTree = "<group>"; };
		8EB7249F2156C1CA007AC3AE /* Mirage Companion AppUITests.xctest */ = {isa = PBXFileReference; explicitFileType = wrapper.cfbundle; includeInIndex = 0; path = "Mirage Companion AppUITests.xctest"; sourceTree = BUILT_PRODUCTS_DIR; };
		8EB724A32156C1CA007AC3AE /* Mirage_Companion_AppUITests.swift */ = {isa = PBXFileReference; lastKnownFileType = sourcecode.swift; path = Mirage_Companion_AppUITests.swift; sourceTree = "<group>"; };
		8EB724A52156C1CA007AC3AE /* Info.plist */ = {isa = PBXFileReference; lastKnownFileType = text.plist.xml; path = Info.plist; sourceTree = "<group>"; };
		8EB724B12156C317007AC3AE /* Mirage Companion App.entitlements */ = {isa = PBXFileReference; lastKnownFileType = text.plist.entitlements; path = "Mirage Companion App.entitlements"; sourceTree = "<group>"; };
		8EB724B32156C41D007AC3AE /* ExternalAccessory.framework */ = {isa = PBXFileReference; lastKnownFileType = wrapper.framework; name = ExternalAccessory.framework; path = System/Library/Frameworks/ExternalAccessory.framework; sourceTree = SDKROOT; };
		8ED34FB7215FD96A00644006 /* WiFiSetupViewController.swift */ = {isa = PBXFileReference; lastKnownFileType = sourcecode.swift; path = WiFiSetupViewController.swift; sourceTree = "<group>"; };
		8ED34FCE216131C300644006 /* MirageUser.swift */ = {isa = PBXFileReference; lastKnownFileType = sourcecode.swift; path = MirageUser.swift; sourceTree = "<group>"; };
		8ED34FD02161611200644006 /* WelcomeScreenViewController.swift */ = {isa = PBXFileReference; lastKnownFileType = sourcecode.swift; path = WelcomeScreenViewController.swift; sourceTree = "<group>"; };
		8ED34FD22162DFEE00644006 /* SetupProfileViewController.swift */ = {isa = PBXFileReference; lastKnownFileType = sourcecode.swift; path = SetupProfileViewController.swift; sourceTree = "<group>"; };
		8ED34FD42162DFF700644006 /* EditProfileViewController.swift */ = {isa = PBXFileReference; lastKnownFileType = sourcecode.swift; path = EditProfileViewController.swift; sourceTree = "<group>"; };
		8ED34FD82169148900644006 /* UnderlinedTextField.swift */ = {isa = PBXFileReference; lastKnownFileType = sourcecode.swift; path = UnderlinedTextField.swift; sourceTree = "<group>"; };
		8ED34FDA2169327E00644006 /* SelectUserViewController.swift */ = {isa = PBXFileReference; lastKnownFileType = sourcecode.swift; path = SelectUserViewController.swift; sourceTree = "<group>"; };
		8ED34FDC2169372800644006 /* UserProfileTableViewCell.swift */ = {isa = PBXFileReference; lastKnownFileType = sourcecode.swift; path = UserProfileTableViewCell.swift; sourceTree = "<group>"; };
		8ED8A6F4216A767B0024DAC3 /* AddDestinationTableViewCell.swift */ = {isa = PBXFileReference; lastKnownFileType = sourcecode.swift; path = AddDestinationTableViewCell.swift; sourceTree = "<group>"; };
		8ED8A6F6216A76880024DAC3 /* DestinationTableViewCell.swift */ = {isa = PBXFileReference; lastKnownFileType = sourcecode.swift; path = DestinationTableViewCell.swift; sourceTree = "<group>"; };
		8ED8A6FA216A77BD0024DAC3 /* FreqDestViewController.swift */ = {isa = PBXFileReference; lastKnownFileType = sourcecode.swift; path = FreqDestViewController.swift; sourceTree = "<group>"; };
		8ED8A6FC216A7A1E0024DAC3 /* Destination.swift */ = {isa = PBXFileReference; lastKnownFileType = sourcecode.swift; path = Destination.swift; sourceTree = "<group>"; };
		8ED8A6FE216A819A0024DAC3 /* DestinationEditorViewController.swift */ = {isa = PBXFileReference; lastKnownFileType = sourcecode.swift; path = DestinationEditorViewController.swift; sourceTree = "<group>"; };
		B1FC6239B280707E9F4FDDDE /* Pods-Mirage Companion App.release.xcconfig */ = {isa = PBXFileReference; includeInIndex = 1; lastKnownFileType = text.xcconfig; name = "Pods-Mirage Companion App.release.xcconfig"; path = "Pods/Target Support Files/Pods-Mirage Companion App/Pods-Mirage Companion App.release.xcconfig"; sourceTree = "<group>"; };
		B9E1C0D819F36B311A604A29 /* Pods_Mirage_Companion_AppUITests.framework */ = {isa = PBXFileReference; explicitFileType = wrapper.framework; includeInIndex = 0; path = Pods_Mirage_Companion_AppUITests.framework; sourceTree = BUILT_PRODUCTS_DIR; };
		CD617126216D5C46001825D5 /* Pods-Mirage Companion AppUITests.release.xcconfig */ = {isa = PBXFileReference; includeInIndex = 1; lastKnownFileType = text.xcconfig; name = "Pods-Mirage Companion AppUITests.release.xcconfig"; path = "Pods/Target Support Files/Pods-Mirage Companion AppUITests/Pods-Mirage Companion AppUITests.release.xcconfig"; sourceTree = "<group>"; };
		CF105CC8BBC5F39A3C6BA237 /* Pods-Mirage Companion AppTests.release.xcconfig */ = {isa = PBXFileReference; includeInIndex = 1; lastKnownFileType = text.xcconfig; name = "Pods-Mirage Companion AppTests.release.xcconfig"; path = "Pods/Target Support Files/Pods-Mirage Companion AppTests/Pods-Mirage Companion AppTests.release.xcconfig"; sourceTree = "<group>"; };
		E4A29F3709FB2E199785077C /* Pods-Mirage Companion AppTests.debug.xcconfig */ = {isa = PBXFileReference; includeInIndex = 1; lastKnownFileType = text.xcconfig; name = "Pods-Mirage Companion AppTests.debug.xcconfig"; path = "Pods/Target Support Files/Pods-Mirage Companion AppTests/Pods-Mirage Companion AppTests.debug.xcconfig"; sourceTree = "<group>"; };
/* End PBXFileReference section */

/* Begin PBXFrameworksBuildPhase section */
		8EB7247A2156C1C8007AC3AE /* Frameworks */ = {
			isa = PBXFrameworksBuildPhase;
			buildActionMask = 2147483647;
			files = (
				8EB724B42156C41D007AC3AE /* ExternalAccessory.framework in Frameworks */,
				E60CE1D4E0F5CE7745110DDE /* Pods_Mirage_Companion_App.framework in Frameworks */,
			);
			runOnlyForDeploymentPostprocessing = 0;
		};
		8EB724912156C1CA007AC3AE /* Frameworks */ = {
			isa = PBXFrameworksBuildPhase;
			buildActionMask = 2147483647;
			files = (
				02A0803C3F12C3AF294C5606 /* Pods_Mirage_Companion_AppTests.framework in Frameworks */,
			);
			runOnlyForDeploymentPostprocessing = 0;
		};
		8EB7249C2156C1CA007AC3AE /* Frameworks */ = {
			isa = PBXFrameworksBuildPhase;
			buildActionMask = 2147483647;
			files = (
				1871CDD3309F7C4D4094AEEA /* Pods_Mirage_Companion_AppUITests.framework in Frameworks */,
			);
			runOnlyForDeploymentPostprocessing = 0;
		};
/* End PBXFrameworksBuildPhase section */

/* Begin PBXGroup section */
		4A37DDD166BF9542727571FD /* Pods */ = {
			isa = PBXGroup;
			children = (
				054339910223F100A949AD7F /* Pods-Mirage Companion App.debug.xcconfig */,
				B1FC6239B280707E9F4FDDDE /* Pods-Mirage Companion App.release.xcconfig */,
				E4A29F3709FB2E199785077C /* Pods-Mirage Companion AppTests.debug.xcconfig */,
				CF105CC8BBC5F39A3C6BA237 /* Pods-Mirage Companion AppTests.release.xcconfig */,
				775954DEBB2F2EC658B632F4 /* Pods-Mirage Companion AppUITests.debug.xcconfig */,
				CD617126216D5C46001825D5 /* Pods-Mirage Companion AppUITests.release.xcconfig */,
			);
			name = Pods;
			sourceTree = "<group>";
		};
		8E62911E215ED5CC00B68779 /* Helpers */ = {
			isa = PBXGroup;
			children = (
				8E629119215ED2CA00B68779 /* ActivityViewController.swift */,
				8E62911F215ED5E200B68779 /* Constants.swift */,
			);
			path = Helpers;
			sourceTree = "<group>";
		};
		8EB724742156C1C8007AC3AE = {
			isa = PBXGroup;
			children = (
				8EB7247F2156C1C8007AC3AE /* Mirage Companion App */,
				8EB724972156C1CA007AC3AE /* Mirage Companion AppTests */,
				8EB724A22156C1CA007AC3AE /* Mirage Companion AppUITests */,
				8EB7247E2156C1C8007AC3AE /* Products */,
				8EB724B22156C41D007AC3AE /* Frameworks */,
				4A37DDD166BF9542727571FD /* Pods */,
			);
			sourceTree = "<group>";
		};
		8EB7247E2156C1C8007AC3AE /* Products */ = {
			isa = PBXGroup;
			children = (
				8EB7247D2156C1C8007AC3AE /* Mirage Companion App.app */,
				8EB724942156C1CA007AC3AE /* Mirage Companion AppTests.xctest */,
				8EB7249F2156C1CA007AC3AE /* Mirage Companion AppUITests.xctest */,
			);
			name = Products;
			sourceTree = "<group>";
		};
		8EB7247F2156C1C8007AC3AE /* Mirage Companion App */ = {
			isa = PBXGroup;
			children = (
				8E62911E215ED5CC00B68779 /* Helpers */,
				8EB724B12156C317007AC3AE /* Mirage Companion App.entitlements */,
				8EB724802156C1C8007AC3AE /* AppDelegate.swift */,
				8EB724842156C1C8007AC3AE /* Main.storyboard */,
				8EB7248A2156C1CA007AC3AE /* Assets.xcassets */,
				8EB7248C2156C1CA007AC3AE /* LaunchScreen.storyboard */,
				8EB7248F2156C1CA007AC3AE /* Info.plist */,
				8EB724872156C1C8007AC3AE /* Mirage_Companion_App.xcdatamodeld */,
				8ED34FB7215FD96A00644006 /* WiFiSetupViewController.swift */,
				8ED34FCE216131C300644006 /* MirageUser.swift */,
				8ED34FD02161611200644006 /* WelcomeScreenViewController.swift */,
				8ED34FD22162DFEE00644006 /* SetupProfileViewController.swift */,
				8ED34FD42162DFF700644006 /* EditProfileViewController.swift */,
				8ED34FD82169148900644006 /* UnderlinedTextField.swift */,
				8ED34FDA2169327E00644006 /* SelectUserViewController.swift */,
				8ED34FDC2169372800644006 /* UserProfileTableViewCell.swift */,
				8ED8A6F4216A767B0024DAC3 /* AddDestinationTableViewCell.swift */,
				8ED8A6F6216A76880024DAC3 /* DestinationTableViewCell.swift */,
				8ED8A6FA216A77BD0024DAC3 /* FreqDestViewController.swift */,
				8ED8A6FC216A7A1E0024DAC3 /* Destination.swift */,
				8ED8A6FE216A819A0024DAC3 /* DestinationEditorViewController.swift */,
				8E7AD53F216D26250024B698 /* User.swift */,
				8E7AD541216D31C80024B698 /* FreqDestTableViewCell.swift */,
				8E7AD543216D469E0024B698 /* Helper.swift */,
			);
			path = "Mirage Companion App";
			sourceTree = "<group>";
		};
		8EB724972156C1CA007AC3AE /* Mirage Companion AppTests */ = {
			isa = PBXGroup;
			children = (
				8EB724982156C1CA007AC3AE /* Mirage_Companion_AppTests.swift */,
				8EB7249A2156C1CA007AC3AE /* Info.plist */,
			);
			path = "Mirage Companion AppTests";
			sourceTree = "<group>";
		};
		8EB724A22156C1CA007AC3AE /* Mirage Companion AppUITests */ = {
			isa = PBXGroup;
			children = (
				8EB724A32156C1CA007AC3AE /* Mirage_Companion_AppUITests.swift */,
				8EB724A52156C1CA007AC3AE /* Info.plist */,
			);
			path = "Mirage Companion AppUITests";
			sourceTree = "<group>";
		};
		8EB724B22156C41D007AC3AE /* Frameworks */ = {
			isa = PBXGroup;
			children = (
				8EB724B32156C41D007AC3AE /* ExternalAccessory.framework */,
				5B81526A58C1A57B84E603F7 /* Pods_Mirage_Companion_App.framework */,
				8A0CAE92228063717ED1AE92 /* Pods_Mirage_Companion_AppTests.framework */,
				B9E1C0D819F36B311A604A29 /* Pods_Mirage_Companion_AppUITests.framework */,
			);
			name = Frameworks;
			sourceTree = "<group>";
		};
/* End PBXGroup section */

/* Begin PBXNativeTarget section */
		8EB7247C2156C1C8007AC3AE /* Mirage Companion App */ = {
			isa = PBXNativeTarget;
			buildConfigurationList = 8EB724A82156C1CA007AC3AE /* Build configuration list for PBXNativeTarget "Mirage Companion App" */;
			buildPhases = (
				F413E6248F6E833545D79DB9 /* [CP] Check Pods Manifest.lock */,
				8EB724792156C1C8007AC3AE /* Sources */,
				8EB7247A2156C1C8007AC3AE /* Frameworks */,
				8EB7247B2156C1C8007AC3AE /* Resources */,
				7BDE552634CCA7775BB28ECE /* [CP] Embed Pods Frameworks */,
				9AFB916D3E1BE67171F900E7 /* [CP] Copy Pods Resources */,
			);
			buildRules = (
			);
			dependencies = (
			);
			name = "Mirage Companion App";
			productName = "Mirage Companion App";
			productReference = 8EB7247D2156C1C8007AC3AE /* Mirage Companion App.app */;
			productType = "com.apple.product-type.application";
		};
		8EB724932156C1CA007AC3AE /* Mirage Companion AppTests */ = {
			isa = PBXNativeTarget;
			buildConfigurationList = 8EB724AB2156C1CA007AC3AE /* Build configuration list for PBXNativeTarget "Mirage Companion AppTests" */;
			buildPhases = (
				235CC7D2FD3878DC2854E15D /* [CP] Check Pods Manifest.lock */,
				8EB724902156C1CA007AC3AE /* Sources */,
				8EB724912156C1CA007AC3AE /* Frameworks */,
				8EB724922156C1CA007AC3AE /* Resources */,
			);
			buildRules = (
			);
			dependencies = (
				8EB724962156C1CA007AC3AE /* PBXTargetDependency */,
			);
			name = "Mirage Companion AppTests";
			productName = "Mirage Companion AppTests";
			productReference = 8EB724942156C1CA007AC3AE /* Mirage Companion AppTests.xctest */;
			productType = "com.apple.product-type.bundle.unit-test";
		};
		8EB7249E2156C1CA007AC3AE /* Mirage Companion AppUITests */ = {
			isa = PBXNativeTarget;
			buildConfigurationList = 8EB724AE2156C1CA007AC3AE /* Build configuration list for PBXNativeTarget "Mirage Companion AppUITests" */;
			buildPhases = (
				857DB54B413A984D27B9C523 /* [CP] Check Pods Manifest.lock */,
				8EB7249B2156C1CA007AC3AE /* Sources */,
				8EB7249C2156C1CA007AC3AE /* Frameworks */,
				8EB7249D2156C1CA007AC3AE /* Resources */,
			);
			buildRules = (
			);
			dependencies = (
				8EB724A12156C1CA007AC3AE /* PBXTargetDependency */,
			);
			name = "Mirage Companion AppUITests";
			productName = "Mirage Companion AppUITests";
			productReference = 8EB7249F2156C1CA007AC3AE /* Mirage Companion AppUITests.xctest */;
			productType = "com.apple.product-type.bundle.ui-testing";
		};
/* End PBXNativeTarget section */

/* Begin PBXProject section */
		8EB724752156C1C8007AC3AE /* Project object */ = {
			isa = PBXProject;
			attributes = {
				LastSwiftUpdateCheck = 0940;
				LastUpgradeCheck = 0940;
				ORGANIZATIONNAME = Mirage;
				TargetAttributes = {
					8EB7247C2156C1C8007AC3AE = {
						CreatedOnToolsVersion = 9.4.1;
						SystemCapabilities = {
							com.apple.DataProtection = {
								enabled = 1;
							};
							com.apple.Keychain = {
								enabled = 1;
							};
							com.apple.WAC = {
								enabled = 1;
							};
						};
					};
					8EB724932156C1CA007AC3AE = {
						CreatedOnToolsVersion = 9.4.1;
						TestTargetID = 8EB7247C2156C1C8007AC3AE;
					};
					8EB7249E2156C1CA007AC3AE = {
						CreatedOnToolsVersion = 9.4.1;
						TestTargetID = 8EB7247C2156C1C8007AC3AE;
					};
				};
			};
			buildConfigurationList = 8EB724782156C1C8007AC3AE /* Build configuration list for PBXProject "Mirage Companion App" */;
			compatibilityVersion = "Xcode 9.3";
			developmentRegion = en;
			hasScannedForEncodings = 0;
			knownRegions = (
				en,
				Base,
			);
			mainGroup = 8EB724742156C1C8007AC3AE;
			productRefGroup = 8EB7247E2156C1C8007AC3AE /* Products */;
			projectDirPath = "";
			projectRoot = "";
			targets = (
				8EB7247C2156C1C8007AC3AE /* Mirage Companion App */,
				8EB724932156C1CA007AC3AE /* Mirage Companion AppTests */,
				8EB7249E2156C1CA007AC3AE /* Mirage Companion AppUITests */,
			);
		};
/* End PBXProject section */

/* Begin PBXResourcesBuildPhase section */
		8EB7247B2156C1C8007AC3AE /* Resources */ = {
			isa = PBXResourcesBuildPhase;
			buildActionMask = 2147483647;
			files = (
				8EB7248E2156C1CA007AC3AE /* LaunchScreen.storyboard in Resources */,
				8EB7248B2156C1CA007AC3AE /* Assets.xcassets in Resources */,
				8EB724862156C1C8007AC3AE /* Main.storyboard in Resources */,
			);
			runOnlyForDeploymentPostprocessing = 0;
		};
		8EB724922156C1CA007AC3AE /* Resources */ = {
			isa = PBXResourcesBuildPhase;
			buildActionMask = 2147483647;
			files = (
			);
			runOnlyForDeploymentPostprocessing = 0;
		};
		8EB7249D2156C1CA007AC3AE /* Resources */ = {
			isa = PBXResourcesBuildPhase;
			buildActionMask = 2147483647;
			files = (
			);
			runOnlyForDeploymentPostprocessing = 0;
		};
/* End PBXResourcesBuildPhase section */

/* Begin PBXShellScriptBuildPhase section */
		235CC7D2FD3878DC2854E15D /* [CP] Check Pods Manifest.lock */ = {
			isa = PBXShellScriptBuildPhase;
			buildActionMask = 2147483647;
			files = (
			);
			inputFileListPaths = (
			);
			inputPaths = (
				"${PODS_PODFILE_DIR_PATH}/Podfile.lock",
				"${PODS_ROOT}/Manifest.lock",
			);
			name = "[CP] Check Pods Manifest.lock";
			outputFileListPaths = (
			);
			outputPaths = (
				"$(DERIVED_FILE_DIR)/Pods-Mirage Companion AppTests-checkManifestLockResult.txt",
			);
			runOnlyForDeploymentPostprocessing = 0;
			shellPath = /bin/sh;
			shellScript = "diff \"${PODS_PODFILE_DIR_PATH}/Podfile.lock\" \"${PODS_ROOT}/Manifest.lock\" > /dev/null\nif [ $? != 0 ] ; then\n    # print error to STDERR\n    echo \"error: The sandbox is not in sync with the Podfile.lock. Run 'pod install' or update your CocoaPods installation.\" >&2\n    exit 1\nfi\n# This output is used by Xcode 'outputs' to avoid re-running this script phase.\necho \"SUCCESS\" > \"${SCRIPT_OUTPUT_FILE_0}\"\n";
			showEnvVarsInLog = 0;
		};
		7BDE552634CCA7775BB28ECE /* [CP] Embed Pods Frameworks */ = {
			isa = PBXShellScriptBuildPhase;
			buildActionMask = 2147483647;
			files = (
			);
			inputFileListPaths = (
			);
			inputPaths = (
				"${SRCROOT}/Pods/Target Support Files/Pods-Mirage Companion App/Pods-Mirage Companion App-frameworks.sh",
				"${BUILT_PRODUCTS_DIR}/GTMOAuth2/GTMOAuth2.framework",
				"${BUILT_PRODUCTS_DIR}/GTMSessionFetcher/GTMSessionFetcher.framework",
				"${BUILT_PRODUCTS_DIR}/GoogleToolboxForMac/GoogleToolboxForMac.framework",
			);
			name = "[CP] Embed Pods Frameworks";
			outputFileListPaths = (
			);
			outputPaths = (
				"${TARGET_BUILD_DIR}/${FRAMEWORKS_FOLDER_PATH}/GTMOAuth2.framework",
				"${TARGET_BUILD_DIR}/${FRAMEWORKS_FOLDER_PATH}/GTMSessionFetcher.framework",
				"${TARGET_BUILD_DIR}/${FRAMEWORKS_FOLDER_PATH}/GoogleToolboxForMac.framework",
			);
			runOnlyForDeploymentPostprocessing = 0;
			shellPath = /bin/sh;
			shellScript = "\"${SRCROOT}/Pods/Target Support Files/Pods-Mirage Companion App/Pods-Mirage Companion App-frameworks.sh\"\n";
			showEnvVarsInLog = 0;
		};
		857DB54B413A984D27B9C523 /* [CP] Check Pods Manifest.lock */ = {
			isa = PBXShellScriptBuildPhase;
			buildActionMask = 2147483647;
			files = (
			);
			inputFileListPaths = (
			);
			inputPaths = (
				"${PODS_PODFILE_DIR_PATH}/Podfile.lock",
				"${PODS_ROOT}/Manifest.lock",
			);
			name = "[CP] Check Pods Manifest.lock";
			outputFileListPaths = (
			);
			outputPaths = (
				"$(DERIVED_FILE_DIR)/Pods-Mirage Companion AppUITests-checkManifestLockResult.txt",
			);
			runOnlyForDeploymentPostprocessing = 0;
			shellPath = /bin/sh;
			shellScript = "diff \"${PODS_PODFILE_DIR_PATH}/Podfile.lock\" \"${PODS_ROOT}/Manifest.lock\" > /dev/null\nif [ $? != 0 ] ; then\n    # print error to STDERR\n    echo \"error: The sandbox is not in sync with the Podfile.lock. Run 'pod install' or update your CocoaPods installation.\" >&2\n    exit 1\nfi\n# This output is used by Xcode 'outputs' to avoid re-running this script phase.\necho \"SUCCESS\" > \"${SCRIPT_OUTPUT_FILE_0}\"\n";
			showEnvVarsInLog = 0;
		};
		9AFB916D3E1BE67171F900E7 /* [CP] Copy Pods Resources */ = {
			isa = PBXShellScriptBuildPhase;
			buildActionMask = 2147483647;
			files = (
			);
			inputFileListPaths = (
			);
			inputPaths = (
				"${SRCROOT}/Pods/Target Support Files/Pods-Mirage Companion App/Pods-Mirage Companion App-resources.sh",
				"${PODS_ROOT}/GoogleSignIn/Resources/GoogleSignIn.bundle",
			);
			name = "[CP] Copy Pods Resources";
			outputFileListPaths = (
			);
			outputPaths = (
				"${TARGET_BUILD_DIR}/${UNLOCALIZED_RESOURCES_FOLDER_PATH}/GoogleSignIn.bundle",
			);
			runOnlyForDeploymentPostprocessing = 0;
			shellPath = /bin/sh;
			shellScript = "\"${SRCROOT}/Pods/Target Support Files/Pods-Mirage Companion App/Pods-Mirage Companion App-resources.sh\"\n";
			showEnvVarsInLog = 0;
		};
		F413E6248F6E833545D79DB9 /* [CP] Check Pods Manifest.lock */ = {
			isa = PBXShellScriptBuildPhase;
			buildActionMask = 2147483647;
			files = (
			);
			inputFileListPaths = (
			);
			inputPaths = (
				"${PODS_PODFILE_DIR_PATH}/Podfile.lock",
				"${PODS_ROOT}/Manifest.lock",
			);
			name = "[CP] Check Pods Manifest.lock";
			outputFileListPaths = (
			);
			outputPaths = (
				"$(DERIVED_FILE_DIR)/Pods-Mirage Companion App-checkManifestLockResult.txt",
			);
			runOnlyForDeploymentPostprocessing = 0;
			shellPath = /bin/sh;
			shellScript = "diff \"${PODS_PODFILE_DIR_PATH}/Podfile.lock\" \"${PODS_ROOT}/Manifest.lock\" > /dev/null\nif [ $? != 0 ] ; then\n    # print error to STDERR\n    echo \"error: The sandbox is not in sync with the Podfile.lock. Run 'pod install' or update your CocoaPods installation.\" >&2\n    exit 1\nfi\n# This output is used by Xcode 'outputs' to avoid re-running this script phase.\necho \"SUCCESS\" > \"${SCRIPT_OUTPUT_FILE_0}\"\n";
			showEnvVarsInLog = 0;
		};
/* End PBXShellScriptBuildPhase section */

/* Begin PBXSourcesBuildPhase section */
		8EB724792156C1C8007AC3AE /* Sources */ = {
			isa = PBXSourcesBuildPhase;
			buildActionMask = 2147483647;
			files = (
				8ED8A6FF216A819A0024DAC3 /* DestinationEditorViewController.swift in Sources */,
				8EB724892156C1C8007AC3AE /* Mirage_Companion_App.xcdatamodeld in Sources */,
				8ED8A6FB216A77BD0024DAC3 /* FreqDestViewController.swift in Sources */,
				8ED34FDD2169372800644006 /* UserProfileTableViewCell.swift in Sources */,
				8ED34FD92169148900644006 /* UnderlinedTextField.swift in Sources */,
				8ED34FD32162DFEE00644006 /* SetupProfileViewController.swift in Sources */,
				8EB724812156C1C8007AC3AE /* AppDelegate.swift in Sources */,
				8E7AD544216D469E0024B698 /* Helper.swift in Sources */,
				8ED34FD12161611200644006 /* WelcomeScreenViewController.swift in Sources */,
				8E629120215ED5E200B68779 /* Constants.swift in Sources */,
				8E7AD542216D31C80024B698 /* FreqDestTableViewCell.swift in Sources */,
				8ED34FDB2169327E00644006 /* SelectUserViewController.swift in Sources */,
				8ED34FD52162DFF700644006 /* EditProfileViewController.swift in Sources */,
				8E62911A215ED2CA00B68779 /* ActivityViewController.swift in Sources */,
				8ED34FCF216131C300644006 /* MirageUser.swift in Sources */,
				8ED34FB8215FD96A00644006 /* WiFiSetupViewController.swift in Sources */,
				8E7AD540216D26250024B698 /* User.swift in Sources */,
				8ED8A6F5216A767B0024DAC3 /* AddDestinationTableViewCell.swift in Sources */,
				8ED8A6FD216A7A1E0024DAC3 /* Destination.swift in Sources */,
				8ED8A6F7216A76880024DAC3 /* DestinationTableViewCell.swift in Sources */,
			);
			runOnlyForDeploymentPostprocessing = 0;
		};
		8EB724902156C1CA007AC3AE /* Sources */ = {
			isa = PBXSourcesBuildPhase;
			buildActionMask = 2147483647;
			files = (
				8EB724992156C1CA007AC3AE /* Mirage_Companion_AppTests.swift in Sources */,
			);
			runOnlyForDeploymentPostprocessing = 0;
		};
		8EB7249B2156C1CA007AC3AE /* Sources */ = {
			isa = PBXSourcesBuildPhase;
			buildActionMask = 2147483647;
			files = (
				8EB724A42156C1CA007AC3AE /* Mirage_Companion_AppUITests.swift in Sources */,
			);
			runOnlyForDeploymentPostprocessing = 0;
		};
/* End PBXSourcesBuildPhase section */

/* Begin PBXTargetDependency section */
		8EB724962156C1CA007AC3AE /* PBXTargetDependency */ = {
			isa = PBXTargetDependency;
			target = 8EB7247C2156C1C8007AC3AE /* Mirage Companion App */;
			targetProxy = 8EB724952156C1CA007AC3AE /* PBXContainerItemProxy */;
		};
		8EB724A12156C1CA007AC3AE /* PBXTargetDependency */ = {
			isa = PBXTargetDependency;
			target = 8EB7247C2156C1C8007AC3AE /* Mirage Companion App */;
			targetProxy = 8EB724A02156C1CA007AC3AE /* PBXContainerItemProxy */;
		};
/* End PBXTargetDependency section */

/* Begin PBXVariantGroup section */
		8EB724842156C1C8007AC3AE /* Main.storyboard */ = {
			isa = PBXVariantGroup;
			children = (
				8EB724852156C1C8007AC3AE /* Base */,
			);
			name = Main.storyboard;
			sourceTree = "<group>";
		};
		8EB7248C2156C1CA007AC3AE /* LaunchScreen.storyboard */ = {
			isa = PBXVariantGroup;
			children = (
				8EB7248D2156C1CA007AC3AE /* Base */,
			);
			name = LaunchScreen.storyboard;
			sourceTree = "<group>";
		};
/* End PBXVariantGroup section */

/* Begin XCBuildConfiguration section */
		8EB724A62156C1CA007AC3AE /* Debug */ = {
			isa = XCBuildConfiguration;
			buildSettings = {
				ALWAYS_SEARCH_USER_PATHS = NO;
				CLANG_ANALYZER_NONNULL = YES;
				CLANG_ANALYZER_NUMBER_OBJECT_CONVERSION = YES_AGGRESSIVE;
				CLANG_CXX_LANGUAGE_STANDARD = "gnu++14";
				CLANG_CXX_LIBRARY = "libc++";
				CLANG_ENABLE_MODULES = YES;
				CLANG_ENABLE_OBJC_ARC = YES;
				CLANG_ENABLE_OBJC_WEAK = YES;
				CLANG_WARN_BLOCK_CAPTURE_AUTORELEASING = YES;
				CLANG_WARN_BOOL_CONVERSION = YES;
				CLANG_WARN_COMMA = YES;
				CLANG_WARN_CONSTANT_CONVERSION = YES;
				CLANG_WARN_DEPRECATED_OBJC_IMPLEMENTATIONS = YES;
				CLANG_WARN_DIRECT_OBJC_ISA_USAGE = YES_ERROR;
				CLANG_WARN_DOCUMENTATION_COMMENTS = YES;
				CLANG_WARN_EMPTY_BODY = YES;
				CLANG_WARN_ENUM_CONVERSION = YES;
				CLANG_WARN_INFINITE_RECURSION = YES;
				CLANG_WARN_INT_CONVERSION = YES;
				CLANG_WARN_NON_LITERAL_NULL_CONVERSION = YES;
				CLANG_WARN_OBJC_IMPLICIT_RETAIN_SELF = YES;
				CLANG_WARN_OBJC_LITERAL_CONVERSION = YES;
				CLANG_WARN_OBJC_ROOT_CLASS = YES_ERROR;
				CLANG_WARN_RANGE_LOOP_ANALYSIS = YES;
				CLANG_WARN_STRICT_PROTOTYPES = YES;
				CLANG_WARN_SUSPICIOUS_MOVE = YES;
				CLANG_WARN_UNGUARDED_AVAILABILITY = YES_AGGRESSIVE;
				CLANG_WARN_UNREACHABLE_CODE = YES;
				CLANG_WARN__DUPLICATE_METHOD_MATCH = YES;
				CODE_SIGN_IDENTITY = "iPhone Developer";
				COPY_PHASE_STRIP = NO;
				DEBUG_INFORMATION_FORMAT = dwarf;
				ENABLE_STRICT_OBJC_MSGSEND = YES;
				ENABLE_TESTABILITY = YES;
				GCC_C_LANGUAGE_STANDARD = gnu11;
				GCC_DYNAMIC_NO_PIC = NO;
				GCC_NO_COMMON_BLOCKS = YES;
				GCC_OPTIMIZATION_LEVEL = 0;
				GCC_PREPROCESSOR_DEFINITIONS = (
					"DEBUG=1",
					"$(inherited)",
				);
				GCC_WARN_64_TO_32_BIT_CONVERSION = YES;
				GCC_WARN_ABOUT_RETURN_TYPE = YES_ERROR;
				GCC_WARN_UNDECLARED_SELECTOR = YES;
				GCC_WARN_UNINITIALIZED_AUTOS = YES_AGGRESSIVE;
				GCC_WARN_UNUSED_FUNCTION = YES;
				GCC_WARN_UNUSED_VARIABLE = YES;
				IPHONEOS_DEPLOYMENT_TARGET = 11.4;
				MTL_ENABLE_DEBUG_INFO = YES;
				ONLY_ACTIVE_ARCH = YES;
				SDKROOT = iphoneos;
				SWIFT_ACTIVE_COMPILATION_CONDITIONS = DEBUG;
				SWIFT_OPTIMIZATION_LEVEL = "-Onone";
			};
			name = Debug;
		};
		8EB724A72156C1CA007AC3AE /* Release */ = {
			isa = XCBuildConfiguration;
			buildSettings = {
				ALWAYS_SEARCH_USER_PATHS = NO;
				CLANG_ANALYZER_NONNULL = YES;
				CLANG_ANALYZER_NUMBER_OBJECT_CONVERSION = YES_AGGRESSIVE;
				CLANG_CXX_LANGUAGE_STANDARD = "gnu++14";
				CLANG_CXX_LIBRARY = "libc++";
				CLANG_ENABLE_MODULES = YES;
				CLANG_ENABLE_OBJC_ARC = YES;
				CLANG_ENABLE_OBJC_WEAK = YES;
				CLANG_WARN_BLOCK_CAPTURE_AUTORELEASING = YES;
				CLANG_WARN_BOOL_CONVERSION = YES;
				CLANG_WARN_COMMA = YES;
				CLANG_WARN_CONSTANT_CONVERSION = YES;
				CLANG_WARN_DEPRECATED_OBJC_IMPLEMENTATIONS = YES;
				CLANG_WARN_DIRECT_OBJC_ISA_USAGE = YES_ERROR;
				CLANG_WARN_DOCUMENTATION_COMMENTS = YES;
				CLANG_WARN_EMPTY_BODY = YES;
				CLANG_WARN_ENUM_CONVERSION = YES;
				CLANG_WARN_INFINITE_RECURSION = YES;
				CLANG_WARN_INT_CONVERSION = YES;
				CLANG_WARN_NON_LITERAL_NULL_CONVERSION = YES;
				CLANG_WARN_OBJC_IMPLICIT_RETAIN_SELF = YES;
				CLANG_WARN_OBJC_LITERAL_CONVERSION = YES;
				CLANG_WARN_OBJC_ROOT_CLASS = YES_ERROR;
				CLANG_WARN_RANGE_LOOP_ANALYSIS = YES;
				CLANG_WARN_STRICT_PROTOTYPES = YES;
				CLANG_WARN_SUSPICIOUS_MOVE = YES;
				CLANG_WARN_UNGUARDED_AVAILABILITY = YES_AGGRESSIVE;
				CLANG_WARN_UNREACHABLE_CODE = YES;
				CLANG_WARN__DUPLICATE_METHOD_MATCH = YES;
				CODE_SIGN_IDENTITY = "iPhone Developer";
				COPY_PHASE_STRIP = NO;
				DEBUG_INFORMATION_FORMAT = "dwarf-with-dsym";
				ENABLE_NS_ASSERTIONS = NO;
				ENABLE_STRICT_OBJC_MSGSEND = YES;
				GCC_C_LANGUAGE_STANDARD = gnu11;
				GCC_NO_COMMON_BLOCKS = YES;
				GCC_WARN_64_TO_32_BIT_CONVERSION = YES;
				GCC_WARN_ABOUT_RETURN_TYPE = YES_ERROR;
				GCC_WARN_UNDECLARED_SELECTOR = YES;
				GCC_WARN_UNINITIALIZED_AUTOS = YES_AGGRESSIVE;
				GCC_WARN_UNUSED_FUNCTION = YES;
				GCC_WARN_UNUSED_VARIABLE = YES;
				IPHONEOS_DEPLOYMENT_TARGET = 11.4;
				MTL_ENABLE_DEBUG_INFO = NO;
				SDKROOT = iphoneos;
				SWIFT_COMPILATION_MODE = wholemodule;
				SWIFT_OPTIMIZATION_LEVEL = "-O";
				VALIDATE_PRODUCT = YES;
			};
			name = Release;
		};
		8EB724A92156C1CA007AC3AE /* Debug */ = {
			isa = XCBuildConfiguration;
			baseConfigurationReference = 054339910223F100A949AD7F /* Pods-Mirage Companion App.debug.xcconfig */;
			buildSettings = {
				ASSETCATALOG_COMPILER_APPICON_NAME = AppIcon;
				CODE_SIGN_ENTITLEMENTS = "Mirage Companion App/Mirage Companion App.entitlements";
				CODE_SIGN_STYLE = Automatic;
				DEVELOPMENT_TEAM = 743LU673R8;
				INFOPLIST_FILE = "Mirage Companion App/Info.plist";
				LD_RUNPATH_SEARCH_PATHS = (
					"$(inherited)",
					"@executable_path/Frameworks",
				);
				PRODUCT_BUNDLE_IDENTIFIER = "mirage.Mirage-Companion-App";
				PRODUCT_NAME = "$(TARGET_NAME)";
				SWIFT_VERSION = 4.0;
				TARGETED_DEVICE_FAMILY = "1,2";
			};
			name = Debug;
		};
		8EB724AA2156C1CA007AC3AE /* Release */ = {
			isa = XCBuildConfiguration;
			baseConfigurationReference = B1FC6239B280707E9F4FDDDE /* Pods-Mirage Companion App.release.xcconfig */;
			buildSettings = {
				ASSETCATALOG_COMPILER_APPICON_NAME = AppIcon;
				CODE_SIGN_ENTITLEMENTS = "Mirage Companion App/Mirage Companion App.entitlements";
				CODE_SIGN_STYLE = Automatic;
				DEVELOPMENT_TEAM = 743LU673R8;
				INFOPLIST_FILE = "Mirage Companion App/Info.plist";
				LD_RUNPATH_SEARCH_PATHS = (
					"$(inherited)",
					"@executable_path/Frameworks",
				);
				PRODUCT_BUNDLE_IDENTIFIER = "mirage.Mirage-Companion-App";
				PRODUCT_NAME = "$(TARGET_NAME)";
				SWIFT_VERSION = 4.0;
				TARGETED_DEVICE_FAMILY = "1,2";
			};
			name = Release;
		};
		8EB724AC2156C1CA007AC3AE /* Debug */ = {
			isa = XCBuildConfiguration;
			baseConfigurationReference = E4A29F3709FB2E199785077C /* Pods-Mirage Companion AppTests.debug.xcconfig */;
			buildSettings = {
				ALWAYS_EMBED_SWIFT_STANDARD_LIBRARIES = YES;
				BUNDLE_LOADER = "$(TEST_HOST)";
				CODE_SIGN_STYLE = Automatic;
				DEVELOPMENT_TEAM = 743LU673R8;
				INFOPLIST_FILE = "Mirage Companion AppTests/Info.plist";
				LD_RUNPATH_SEARCH_PATHS = (
					"$(inherited)",
					"@executable_path/Frameworks",
					"@loader_path/Frameworks",
				);
				PRODUCT_BUNDLE_IDENTIFIER = "mirage.Mirage-Companion-AppTests";
				PRODUCT_NAME = "$(TARGET_NAME)";
				SWIFT_VERSION = 4.0;
				TARGETED_DEVICE_FAMILY = "1,2";
				TEST_HOST = "$(BUILT_PRODUCTS_DIR)/Mirage Companion App.app/Mirage Companion App";
			};
			name = Debug;
		};
		8EB724AD2156C1CA007AC3AE /* Release */ = {
			isa = XCBuildConfiguration;
			baseConfigurationReference = CF105CC8BBC5F39A3C6BA237 /* Pods-Mirage Companion AppTests.release.xcconfig */;
			buildSettings = {
				ALWAYS_EMBED_SWIFT_STANDARD_LIBRARIES = YES;
				BUNDLE_LOADER = "$(TEST_HOST)";
				CODE_SIGN_STYLE = Automatic;
				DEVELOPMENT_TEAM = 743LU673R8;
				INFOPLIST_FILE = "Mirage Companion AppTests/Info.plist";
				LD_RUNPATH_SEARCH_PATHS = (
					"$(inherited)",
					"@executable_path/Frameworks",
					"@loader_path/Frameworks",
				);
				PRODUCT_BUNDLE_IDENTIFIER = "mirage.Mirage-Companion-AppTests";
				PRODUCT_NAME = "$(TARGET_NAME)";
				SWIFT_VERSION = 4.0;
				TARGETED_DEVICE_FAMILY = "1,2";
				TEST_HOST = "$(BUILT_PRODUCTS_DIR)/Mirage Companion App.app/Mirage Companion App";
			};
			name = Release;
		};
		8EB724AF2156C1CA007AC3AE /* Debug */ = {
			isa = XCBuildConfiguration;
			baseConfigurationReference = 775954DEBB2F2EC658B632F4 /* Pods-Mirage Companion AppUITests.debug.xcconfig */;
			buildSettings = {
				ALWAYS_EMBED_SWIFT_STANDARD_LIBRARIES = YES;
				CODE_SIGN_STYLE = Automatic;
				DEVELOPMENT_TEAM = 743LU673R8;
				INFOPLIST_FILE = "Mirage Companion AppUITests/Info.plist";
				LD_RUNPATH_SEARCH_PATHS = (
					"$(inherited)",
					"@executable_path/Frameworks",
					"@loader_path/Frameworks",
				);
				PRODUCT_BUNDLE_IDENTIFIER = "mirage.Mirage-Companion-AppUITests";
				PRODUCT_NAME = "$(TARGET_NAME)";
				SWIFT_VERSION = 4.0;
				TARGETED_DEVICE_FAMILY = "1,2";
				TEST_TARGET_NAME = "Mirage Companion App";
			};
			name = Debug;
		};
		8EB724B02156C1CA007AC3AE /* Release */ = {
			isa = XCBuildConfiguration;
			baseConfigurationReference = CD617126216D5C46001825D5 /* Pods-Mirage Companion AppUITests.release.xcconfig */;
			buildSettings = {
				ALWAYS_EMBED_SWIFT_STANDARD_LIBRARIES = YES;
				CODE_SIGN_STYLE = Automatic;
				DEVELOPMENT_TEAM = 743LU673R8;
				INFOPLIST_FILE = "Mirage Companion AppUITests/Info.plist";
				LD_RUNPATH_SEARCH_PATHS = (
					"$(inherited)",
					"@executable_path/Frameworks",
					"@loader_path/Frameworks",
				);
				PRODUCT_BUNDLE_IDENTIFIER = "mirage.Mirage-Companion-AppUITests";
				PRODUCT_NAME = "$(TARGET_NAME)";
				SWIFT_VERSION = 4.0;
				TARGETED_DEVICE_FAMILY = "1,2";
				TEST_TARGET_NAME = "Mirage Companion App";
			};
			name = Release;
		};
/* End XCBuildConfiguration section */

/* Begin XCConfigurationList section */
		8EB724782156C1C8007AC3AE /* Build configuration list for PBXProject "Mirage Companion App" */ = {
			isa = XCConfigurationList;
			buildConfigurations = (
				8EB724A62156C1CA007AC3AE /* Debug */,
				8EB724A72156C1CA007AC3AE /* Release */,
			);
			defaultConfigurationIsVisible = 0;
			defaultConfigurationName = Release;
		};
		8EB724A82156C1CA007AC3AE /* Build configuration list for PBXNativeTarget "Mirage Companion App" */ = {
			isa = XCConfigurationList;
			buildConfigurations = (
				8EB724A92156C1CA007AC3AE /* Debug */,
				8EB724AA2156C1CA007AC3AE /* Release */,
			);
			defaultConfigurationIsVisible = 0;
			defaultConfigurationName = Release;
		};
		8EB724AB2156C1CA007AC3AE /* Build configuration list for PBXNativeTarget "Mirage Companion AppTests" */ = {
			isa = XCConfigurationList;
			buildConfigurations = (
				8EB724AC2156C1CA007AC3AE /* Debug */,
				8EB724AD2156C1CA007AC3AE /* Release */,
			);
			defaultConfigurationIsVisible = 0;
			defaultConfigurationName = Release;
		};
		8EB724AE2156C1CA007AC3AE /* Build configuration list for PBXNativeTarget "Mirage Companion AppUITests" */ = {
			isa = XCConfigurationList;
			buildConfigurations = (
				8EB724AF2156C1CA007AC3AE /* Debug */,
				8EB724B02156C1CA007AC3AE /* Release */,
			);
			defaultConfigurationIsVisible = 0;
			defaultConfigurationName = Release;
		};
/* End XCConfigurationList section */

/* Begin XCVersionGroup section */
		8EB724872156C1C8007AC3AE /* Mirage_Companion_App.xcdatamodeld */ = {
			isa = XCVersionGroup;
			children = (
				8EB724882156C1C8007AC3AE /* Mirage_Companion_App.xcdatamodel */,
			);
			currentVersion = 8EB724882156C1C8007AC3AE /* Mirage_Companion_App.xcdatamodel */;
			path = Mirage_Companion_App.xcdatamodeld;
			sourceTree = "<group>";
			versionGroupType = wrapper.xcdatamodel;
		};
/* End XCVersionGroup section */
	};
	rootObject = 8EB724752156C1C8007AC3AE /* Project object */;
}
